
Microsoft Visual Studio Solution File, Format Version 12.00
# Visual Studio Version 17
VisualStudioVersion = 17.14.36327.8 d17.14
MinimumVisualStudioVersion = 10.0.40219.1
Project("{FAE04EC0-301F-11D3-BF4B-00C04F79EFBC}") = "GradeCalculatorApp1", "GradeCalculatorApp1\GradeCalculatorApp1.csproj", "{6077950D-E88C-441B-A41B-318B0E9D158C}"
EndProject
Project("{FAE04EC0-301F-11D3-BF4B-00C04F79EFBC}") = "TicketPriceCalculatorApp", "TicketPriceCalculatorApp\TicketPriceCalculatorApp.csproj", "{F54E42E8-EAD8-4AF4-B8AF-47F95D401D17}"
EndProject
Project("{FAE04EC0-301F-11D3-BF4B-00C04F79EFBC}") = "TriangleTypeIdentifierApp", "TriangleTypeIdentifierApp\TriangleTypeIdentifierApp.csproj", "{37A95163-6768-4FFA-A09D-2D3AFE11E87A}"
EndProject
Global
	GlobalSection(SolutionConfigurationPlatforms) = preSolution
		Debug|Any CPU = Debug|Any CPU
		Release|Any CPU = Release|Any CPU
	EndGlobalSection
	GlobalSection(ProjectConfigurationPlatforms) = postSolution
		{6077950D-E88C-441B-A41B-318B0E9D158C}.Debug|Any CPU.ActiveCfg = Debug|Any CPU
		{6077950D-E88C-441B-A41B-318B0E9D158C}.Debug|Any CPU.Build.0 = Debug|Any CPU
		{6077950D-E88C-441B-A41B-318B0E9D158C}.Release|Any CPU.ActiveCfg = Release|Any CPU
		{6077950D-E88C-441B-A41B-318B0E9D158C}.Release|Any CPU.Build.0 = Release|Any CPU
		{F54E42E8-EAD8-4AF4-B8AF-47F95D401D17}.Debug|Any CPU.ActiveCfg = Debug|Any CPU
		{F54E42E8-EAD8-4AF4-B8AF-47F95D401D17}.Debug|Any CPU.Build.0 = Debug|Any CPU
		{F54E42E8-EAD8-4AF4-B8AF-47F95D401D17}.Release|Any CPU.ActiveCfg = Release|Any CPU
		{F54E42E8-EAD8-4AF4-B8AF-47F95D401D17}.Release|Any CPU.Build.0 = Release|Any CPU
		{37A95163-6768-4FFA-A09D-2D3AFE11E87A}.Debug|Any CPU.ActiveCfg = Debug|Any CPU
		{37A95163-6768-4FFA-A09D-2D3AFE11E87A}.Debug|Any CPU.Build.0 = Debug|Any CPU
		{37A95163-6768-4FFA-A09D-2D3AFE11E87A}.Release|Any CPU.ActiveCfg = Release|Any CPU
		{37A95163-6768-4FFA-A09D-2D3AFE11E87A}.Release|Any CPU.Build.0 = Release|Any CPU
	EndGlobalSection
	GlobalSection(SolutionProperties) = preSolution
		HideSolutionNode = FALSE
	EndGlobalSection
	GlobalSection(ExtensibilityGlobals) = postSolution
		SolutionGuid = {2CA844CD-C30A-4CD7-87DB-062B957FCC8D}
	EndGlobalSection
EndGlobal
